
Microsoft Visual Studio Solution File, Format Version 12.00
# Visual Studio Version 16
VisualStudioVersion = 16.0.33214.272
MinimumVisualStudioVersion = 10.0.40219.1
Project("{FAE04EC0-301F-11D3-BF4B-00C04F79EFBC}") = "CalcolatriceLybrary", "CalcolatriceLybrary\CalcolatriceLybrary.csproj", "{FF2D20E3-4AF7-434D-B155-12E570CBF594}"
EndProject
Project("{FAE04EC0-301F-11D3-BF4B-00C04F79EFBC}") = "TestCalcolatrice", "TestCalcolatrice\TestCalcolatrice.csproj", "{74C7BD9F-DBF2-4238-ABB1-7263B55CC38B}"
EndProject
Global
	GlobalSection(SolutionConfigurationPlatforms) = preSolution
		Debug|Any CPU = Debug|Any CPU
		Release|Any CPU = Release|Any CPU
	EndGlobalSection
	GlobalSection(ProjectConfigurationPlatforms) = postSolution
		{FF2D20E3-4AF7-434D-B155-12E570CBF594}.Debug|Any CPU.ActiveCfg = Debug|Any CPU
		{FF2D20E3-4AF7-434D-B155-12E570CBF594}.Debug|Any CPU.Build.0 = Debug|Any CPU
		{FF2D20E3-4AF7-434D-B155-12E570CBF594}.Release|Any CPU.ActiveCfg = Release|Any CPU
		{FF2D20E3-4AF7-434D-B155-12E570CBF594}.Release|Any CPU.Build.0 = Release|Any CPU
		{74C7BD9F-DBF2-4238-ABB1-7263B55CC38B}.Debug|Any CPU.ActiveCfg = Debug|Any CPU
		{74C7BD9F-DBF2-4238-ABB1-7263B55CC38B}.Debug|Any CPU.Build.0 = Debug|Any CPU
		{74C7BD9F-DBF2-4238-ABB1-7263B55CC38B}.Release|Any CPU.ActiveCfg = Release|Any CPU
		{74C7BD9F-DBF2-4238-ABB1-7263B55CC38B}.Release|Any CPU.Build.0 = Release|Any CPU
	EndGlobalSection
	GlobalSection(SolutionProperties) = preSolution
		HideSolutionNode = FALSE
	EndGlobalSection
	GlobalSection(ExtensibilityGlobals) = postSolution
		SolutionGuid = {9FF2489B-478B-43B9-956F-258399459C9C}
	EndGlobalSection
EndGlobal
